
Microsoft Visual Studio Solution File, Format Version 12.00
# Visual Studio Version 16
VisualStudioVersion = 16.0.29326.143
MinimumVisualStudioVersion = 10.0.40219.1
Project("{9A19103F-16F7-4668-BE54-9A1E7A4F7556}") = "Unosquare.PocoData", "Unosquare.PocoData\Unosquare.PocoData.csproj", "{AA4D3986-4892-436E-B01F-62E5D651F729}"
EndProject
Project("{9A19103F-16F7-4668-BE54-9A1E7A4F7556}") = "Unosquare.PocoData.Sql", "Unosquare.PocoData.Sql\Unosquare.PocoData.Sql.csproj", "{0078A546-6B13-450E-827C-94CADC383EB0}"
EndProject
Project("{9A19103F-16F7-4668-BE54-9A1E7A4F7556}") = "Unosquare.PocoData.Sample", "Unosquare.PocoData.Sample\Unosquare.PocoData.Sample.csproj", "{C1C242D7-C0A2-461A-8F1B-5033D2F8D30F}"
EndProject
Project("{2150E333-8FDC-42A3-9474-1A3956D46DE8}") = "Solution Items", "Solution Items", "{428CE062-50E3-4167-89DB-4528640DF407}"
	ProjectSection(SolutionItems) = preProject
		.gitignore = .gitignore
		Analyzers.ruleset = Analyzers.ruleset
		appveyor.yml = appveyor.yml
		LICENSE = LICENSE
		pocodata.png = pocodata.png
		README.md = README.md
	EndProjectSection
EndProject
Project("{9A19103F-16F7-4668-BE54-9A1E7A4F7556}") = "Unosquare.PocoData.Tests", "Unosquare.PocoData.Tests\Unosquare.PocoData.Tests.csproj", "{0AB18800-92F0-494C-972A-F648DB825074}"
EndProject
Global
	GlobalSection(SolutionConfigurationPlatforms) = preSolution
		Debug|Any CPU = Debug|Any CPU
		Release|Any CPU = Release|Any CPU
	EndGlobalSection
	GlobalSection(ProjectConfigurationPlatforms) = postSolution
		{AA4D3986-4892-436E-B01F-62E5D651F729}.Debug|Any CPU.ActiveCfg = Debug|Any CPU
		{AA4D3986-4892-436E-B01F-62E5D651F729}.Debug|Any CPU.Build.0 = Debug|Any CPU
		{AA4D3986-4892-436E-B01F-62E5D651F729}.Release|Any CPU.ActiveCfg = Release|Any CPU
		{AA4D3986-4892-436E-B01F-62E5D651F729}.Release|Any CPU.Build.0 = Release|Any CPU
		{0078A546-6B13-450E-827C-94CADC383EB0}.Debug|Any CPU.ActiveCfg = Debug|Any CPU
		{0078A546-6B13-450E-827C-94CADC383EB0}.Debug|Any CPU.Build.0 = Debug|Any CPU
		{0078A546-6B13-450E-827C-94CADC383EB0}.Release|Any CPU.ActiveCfg = Release|Any CPU
		{0078A546-6B13-450E-827C-94CADC383EB0}.Release|Any CPU.Build.0 = Release|Any CPU
		{C1C242D7-C0A2-461A-8F1B-5033D2F8D30F}.Debug|Any CPU.ActiveCfg = Debug|Any CPU
		{C1C242D7-C0A2-461A-8F1B-5033D2F8D30F}.Debug|Any CPU.Build.0 = Debug|Any CPU
		{C1C242D7-C0A2-461A-8F1B-5033D2F8D30F}.Release|Any CPU.ActiveCfg = Release|Any CPU
		{C1C242D7-C0A2-461A-8F1B-5033D2F8D30F}.Release|Any CPU.Build.0 = Release|Any CPU
		{0AB18800-92F0-494C-972A-F648DB825074}.Debug|Any CPU.ActiveCfg = Debug|Any CPU
		{0AB18800-92F0-494C-972A-F648DB825074}.Debug|Any CPU.Build.0 = Debug|Any CPU
		{0AB18800-92F0-494C-972A-F648DB825074}.Release|Any CPU.ActiveCfg = Release|Any CPU
		{0AB18800-92F0-494C-972A-F648DB825074}.Release|Any CPU.Build.0 = Release|Any CPU
	EndGlobalSection
	GlobalSection(SolutionProperties) = preSolution
		HideSolutionNode = FALSE
	EndGlobalSection
	GlobalSection(ExtensibilityGlobals) = postSolution
		SolutionGuid = {763F21FB-339D-454A-A6EC-39EC965DB80C}
	EndGlobalSection
EndGlobal
